
Microsoft Visual Studio Solution File, Format Version 12.00
# Visual Studio 2013
VisualStudioVersion = 12.0.30110.0
MinimumVisualStudioVersion = 10.0.40219.1
Project("{2150E333-8FDC-42A3-9474-1A3956D46DE8}") = "Data", "Data", "{892A3DDE-FEF5-4FBB-9B54-C47E91CBFEA2}"
EndProject
Project("{2150E333-8FDC-42A3-9474-1A3956D46DE8}") = "Business", "Business", "{34532A00-6A3B-4D10-8956-694860A36777}"
EndProject
Project("{2150E333-8FDC-42A3-9474-1A3956D46DE8}") = "Service", "Service", "{56864E5B-644B-4D5E-9982-5CCD6C8D76DB}"
EndProject
Project("{2150E333-8FDC-42A3-9474-1A3956D46DE8}") = "Validations", "Validations", "{EE38CC7A-EE4F-454B-9E37-A50B7208531D}"
EndProject
Project("{2150E333-8FDC-42A3-9474-1A3956D46DE8}") = "Common", "Common", "{39F984A5-A20F-4D18-A352-666BFB454F87}"
EndProject
Project("{FAE04EC0-301F-11D3-BF4B-00C04F79EFBC}") = "TMS.Business", "TMS.Business\TMS.Business.csproj", "{C7A1C06D-CF08-4A8C-9E4B-762A2A5BD609}"
EndProject
Project("{FAE04EC0-301F-11D3-BF4B-00C04F79EFBC}") = "TMS.Business.Tests", "TMS.Business.Tests\TMS.Business.Tests.csproj", "{4E900F64-A5C2-4F7A-9213-5F763222436F}"
EndProject
Project("{FAE04EC0-301F-11D3-BF4B-00C04F79EFBC}") = "TMS.Entities", "TMS.Entities\TMS.Entities.csproj", "{F9F3B8CA-9CA6-4889-AC7D-FEC7FA1A1F7D}"
	ProjectSection(ProjectDependencies) = postProject
		{AA19DDC7-CB69-45A4-8F63-335E431177A4} = {AA19DDC7-CB69-45A4-8F63-335E431177A4}
	EndProjectSection
EndProject
Project("{FAE04EC0-301F-11D3-BF4B-00C04F79EFBC}") = "TMS.Entities.Tests", "TMS.Entities.Tests\TMS.Entities.Tests.csproj", "{E71DB17B-64C4-449F-8C6D-E827899E610D}"
EndProject
Project("{FAE04EC0-301F-11D3-BF4B-00C04F79EFBC}") = "TMS.Data", "TMS.Data\TMS.Data.csproj", "{FADC9E5B-60B4-46B1-8C2E-A3D9110436AC}"
	ProjectSection(ProjectDependencies) = postProject
		{AA19DDC7-CB69-45A4-8F63-335E431177A4} = {AA19DDC7-CB69-45A4-8F63-335E431177A4}
	EndProjectSection
EndProject
Project("{FAE04EC0-301F-11D3-BF4B-00C04F79EFBC}") = "TMS.Data.Tests", "TMS.Data.Tests\TMS.Data.Tests.csproj", "{5F179A00-8EB0-4B27-BB79-E7CA25A629CF}"
EndProject
Project("{FAE04EC0-301F-11D3-BF4B-00C04F79EFBC}") = "TMS.ServiceAPI.Tests", "TMS.ServiceAPI.Tests\TMS.ServiceAPI.Tests.csproj", "{778CACB9-DFE2-4A47-A5C4-D8CDF0B4E06E}"
EndProject
Project("{FAE04EC0-301F-11D3-BF4B-00C04F79EFBC}") = "TMS.Validations", "TMS.Validations\TMS.Validations.csproj", "{7E1D858A-0CAA-4E14-8218-31C2861B6F89}"
EndProject
Project("{FAE04EC0-301F-11D3-BF4B-00C04F79EFBC}") = "TMS.Validations.Tests", "TMS.Validations.Tests\TMS.Validations.Tests.csproj", "{7FAB6130-AC48-42B8-AF3E-68CF83471EC4}"
EndProject
Project("{FAE04EC0-301F-11D3-BF4B-00C04F79EFBC}") = "TMS.Entities.Enum", "TMS.Entities.Enum\TMS.Entities.Enum.csproj", "{AA19DDC7-CB69-45A4-8F63-335E431177A4}"
EndProject
Project("{FAE04EC0-301F-11D3-BF4B-00C04F79EFBC}") = "TMS.ServiceAPI", "TMS.ServiceAPI\TMS.ServiceAPI.csproj", "{5388F3D7-09BA-435B-8D3A-7F99BAD892E6}"
EndProject
Project("{2150E333-8FDC-42A3-9474-1A3956D46DE8}") = "Web", "Web", "{43C4F58D-F086-4406-8F4C-6C0D67A3C7DB}"
EndProject
Project("{FAE04EC0-301F-11D3-BF4B-00C04F79EFBC}") = "TMS.Web.UI", "TMS.Web.UI\TMS.Web.UI.csproj", "{EB7D60FC-77F0-4DE4-9C6E-485656FD7F57}"
EndProject
Project("{FAE04EC0-301F-11D3-BF4B-00C04F79EFBC}") = "TMS.Web.UI.Tests", "TMS.Web.UI.Tests\TMS.Web.UI.Tests.csproj", "{2EA11CEC-946F-40CC-A52A-FD402055EB0A}"
EndProject
Global
	GlobalSection(SolutionConfigurationPlatforms) = preSolution
		Debug|Any CPU = Debug|Any CPU
		Release|Any CPU = Release|Any CPU
	EndGlobalSection
	GlobalSection(ProjectConfigurationPlatforms) = postSolution
		{C7A1C06D-CF08-4A8C-9E4B-762A2A5BD609}.Debug|Any CPU.ActiveCfg = Debug|Any CPU
		{C7A1C06D-CF08-4A8C-9E4B-762A2A5BD609}.Debug|Any CPU.Build.0 = Debug|Any CPU
		{C7A1C06D-CF08-4A8C-9E4B-762A2A5BD609}.Release|Any CPU.ActiveCfg = Release|Any CPU
		{C7A1C06D-CF08-4A8C-9E4B-762A2A5BD609}.Release|Any CPU.Build.0 = Release|Any CPU
		{4E900F64-A5C2-4F7A-9213-5F763222436F}.Debug|Any CPU.ActiveCfg = Debug|Any CPU
		{4E900F64-A5C2-4F7A-9213-5F763222436F}.Debug|Any CPU.Build.0 = Debug|Any CPU
		{4E900F64-A5C2-4F7A-9213-5F763222436F}.Release|Any CPU.ActiveCfg = Release|Any CPU
		{4E900F64-A5C2-4F7A-9213-5F763222436F}.Release|Any CPU.Build.0 = Release|Any CPU
		{F9F3B8CA-9CA6-4889-AC7D-FEC7FA1A1F7D}.Debug|Any CPU.ActiveCfg = Debug|Any CPU
		{F9F3B8CA-9CA6-4889-AC7D-FEC7FA1A1F7D}.Debug|Any CPU.Build.0 = Debug|Any CPU
		{F9F3B8CA-9CA6-4889-AC7D-FEC7FA1A1F7D}.Release|Any CPU.ActiveCfg = Release|Any CPU
		{F9F3B8CA-9CA6-4889-AC7D-FEC7FA1A1F7D}.Release|Any CPU.Build.0 = Release|Any CPU
		{E71DB17B-64C4-449F-8C6D-E827899E610D}.Debug|Any CPU.ActiveCfg = Debug|Any CPU
		{E71DB17B-64C4-449F-8C6D-E827899E610D}.Debug|Any CPU.Build.0 = Debug|Any CPU
		{E71DB17B-64C4-449F-8C6D-E827899E610D}.Release|Any CPU.ActiveCfg = Release|Any CPU
		{E71DB17B-64C4-449F-8C6D-E827899E610D}.Release|Any CPU.Build.0 = Release|Any CPU
		{FADC9E5B-60B4-46B1-8C2E-A3D9110436AC}.Debug|Any CPU.ActiveCfg = Debug|Any CPU
		{FADC9E5B-60B4-46B1-8C2E-A3D9110436AC}.Debug|Any CPU.Build.0 = Debug|Any CPU
		{FADC9E5B-60B4-46B1-8C2E-A3D9110436AC}.Release|Any CPU.ActiveCfg = Release|Any CPU
		{FADC9E5B-60B4-46B1-8C2E-A3D9110436AC}.Release|Any CPU.Build.0 = Release|Any CPU
		{5F179A00-8EB0-4B27-BB79-E7CA25A629CF}.Debug|Any CPU.ActiveCfg = Debug|Any CPU
		{5F179A00-8EB0-4B27-BB79-E7CA25A629CF}.Debug|Any CPU.Build.0 = Debug|Any CPU
		{5F179A00-8EB0-4B27-BB79-E7CA25A629CF}.Release|Any CPU.ActiveCfg = Release|Any CPU
		{5F179A00-8EB0-4B27-BB79-E7CA25A629CF}.Release|Any CPU.Build.0 = Release|Any CPU
		{778CACB9-DFE2-4A47-A5C4-D8CDF0B4E06E}.Debug|Any CPU.ActiveCfg = Debug|Any CPU
		{778CACB9-DFE2-4A47-A5C4-D8CDF0B4E06E}.Debug|Any CPU.Build.0 = Debug|Any CPU
		{778CACB9-DFE2-4A47-A5C4-D8CDF0B4E06E}.Release|Any CPU.ActiveCfg = Release|Any CPU
		{778CACB9-DFE2-4A47-A5C4-D8CDF0B4E06E}.Release|Any CPU.Build.0 = Release|Any CPU
		{7E1D858A-0CAA-4E14-8218-31C2861B6F89}.Debug|Any CPU.ActiveCfg = Debug|Any CPU
		{7E1D858A-0CAA-4E14-8218-31C2861B6F89}.Debug|Any CPU.Build.0 = Debug|Any CPU
		{7E1D858A-0CAA-4E14-8218-31C2861B6F89}.Release|Any CPU.ActiveCfg = Release|Any CPU
		{7E1D858A-0CAA-4E14-8218-31C2861B6F89}.Release|Any CPU.Build.0 = Release|Any CPU
		{7FAB6130-AC48-42B8-AF3E-68CF83471EC4}.Debug|Any CPU.ActiveCfg = Debug|Any CPU
		{7FAB6130-AC48-42B8-AF3E-68CF83471EC4}.Debug|Any CPU.Build.0 = Debug|Any CPU
		{7FAB6130-AC48-42B8-AF3E-68CF83471EC4}.Release|Any CPU.ActiveCfg = Release|Any CPU
		{7FAB6130-AC48-42B8-AF3E-68CF83471EC4}.Release|Any CPU.Build.0 = Release|Any CPU
		{AA19DDC7-CB69-45A4-8F63-335E431177A4}.Debug|Any CPU.ActiveCfg = Debug|Any CPU
		{AA19DDC7-CB69-45A4-8F63-335E431177A4}.Debug|Any CPU.Build.0 = Debug|Any CPU
		{AA19DDC7-CB69-45A4-8F63-335E431177A4}.Release|Any CPU.ActiveCfg = Release|Any CPU
		{AA19DDC7-CB69-45A4-8F63-335E431177A4}.Release|Any CPU.Build.0 = Release|Any CPU
		{5388F3D7-09BA-435B-8D3A-7F99BAD892E6}.Debug|Any CPU.ActiveCfg = Debug|Any CPU
		{5388F3D7-09BA-435B-8D3A-7F99BAD892E6}.Debug|Any CPU.Build.0 = Debug|Any CPU
		{5388F3D7-09BA-435B-8D3A-7F99BAD892E6}.Release|Any CPU.ActiveCfg = Release|Any CPU
		{5388F3D7-09BA-435B-8D3A-7F99BAD892E6}.Release|Any CPU.Build.0 = Release|Any CPU
		{EB7D60FC-77F0-4DE4-9C6E-485656FD7F57}.Debug|Any CPU.ActiveCfg = Debug|Any CPU
		{EB7D60FC-77F0-4DE4-9C6E-485656FD7F57}.Debug|Any CPU.Build.0 = Debug|Any CPU
		{EB7D60FC-77F0-4DE4-9C6E-485656FD7F57}.Release|Any CPU.ActiveCfg = Release|Any CPU
		{EB7D60FC-77F0-4DE4-9C6E-485656FD7F57}.Release|Any CPU.Build.0 = Release|Any CPU
		{2EA11CEC-946F-40CC-A52A-FD402055EB0A}.Debug|Any CPU.ActiveCfg = Debug|Any CPU
		{2EA11CEC-946F-40CC-A52A-FD402055EB0A}.Debug|Any CPU.Build.0 = Debug|Any CPU
		{2EA11CEC-946F-40CC-A52A-FD402055EB0A}.Release|Any CPU.ActiveCfg = Release|Any CPU
		{2EA11CEC-946F-40CC-A52A-FD402055EB0A}.Release|Any CPU.Build.0 = Release|Any CPU
	EndGlobalSection
	GlobalSection(SolutionProperties) = preSolution
		HideSolutionNode = FALSE
	EndGlobalSection
	GlobalSection(NestedProjects) = preSolution
		{FADC9E5B-60B4-46B1-8C2E-A3D9110436AC} = {892A3DDE-FEF5-4FBB-9B54-C47E91CBFEA2}
		{5F179A00-8EB0-4B27-BB79-E7CA25A629CF} = {892A3DDE-FEF5-4FBB-9B54-C47E91CBFEA2}
		{C7A1C06D-CF08-4A8C-9E4B-762A2A5BD609} = {34532A00-6A3B-4D10-8956-694860A36777}
		{4E900F64-A5C2-4F7A-9213-5F763222436F} = {34532A00-6A3B-4D10-8956-694860A36777}
		{778CACB9-DFE2-4A47-A5C4-D8CDF0B4E06E} = {56864E5B-644B-4D5E-9982-5CCD6C8D76DB}
		{5388F3D7-09BA-435B-8D3A-7F99BAD892E6} = {56864E5B-644B-4D5E-9982-5CCD6C8D76DB}
		{7E1D858A-0CAA-4E14-8218-31C2861B6F89} = {EE38CC7A-EE4F-454B-9E37-A50B7208531D}
		{7FAB6130-AC48-42B8-AF3E-68CF83471EC4} = {EE38CC7A-EE4F-454B-9E37-A50B7208531D}
		{F9F3B8CA-9CA6-4889-AC7D-FEC7FA1A1F7D} = {39F984A5-A20F-4D18-A352-666BFB454F87}
		{E71DB17B-64C4-449F-8C6D-E827899E610D} = {39F984A5-A20F-4D18-A352-666BFB454F87}
		{AA19DDC7-CB69-45A4-8F63-335E431177A4} = {39F984A5-A20F-4D18-A352-666BFB454F87}
		{EB7D60FC-77F0-4DE4-9C6E-485656FD7F57} = {43C4F58D-F086-4406-8F4C-6C0D67A3C7DB}
		{2EA11CEC-946F-40CC-A52A-FD402055EB0A} = {43C4F58D-F086-4406-8F4C-6C0D67A3C7DB}
	EndGlobalSection
EndGlobal
